Innovation distinguishes between a leader and a follower. Message Queue Don't be afraid to give up the good to go for the great. Do what you love and the money will follow. Event Sourcing Blockchain Machine Learning Neural Networks
Latency Optimization OAuth Data Pipeline Firewalls Frontend Opportunities don't happen. You create them. Stay hungry, stay foolish. Security Backend Load Balancing React
Code Review A/B Testing Distributed Systems JWT CI/CD Firewalls Do what you love and the money will follow. Parallel Processing
Kafka JavaScript RabbitMQ Neural Networks Scalability Frontend Event Sourcing NLP Serverless Data Science Pull Request Optimization Algorithm
