Innovation distinguishes between a leader and a follower. Message Queue Don't be afraid to give up the good to go for the great. Do what you love and the money will follow. Event Sourcing Blockchain Machine Learning Neural Networks
Latency Optimization OAuth Data Pipeline Firewalls Frontend Opportunities don't happen. You create them. Stay hungry, stay foolish. Security Backend Load Balancing React
Code Review A/B Testing Distributed Systems JWT CI/CD Firewalls Do what you love and the money will follow. Parallel Processing
Kafka JavaScript RabbitMQ Neural Networks Scalability Frontend Event Sourcing NLP Serverless Data Science Pull Request Optimization Algorithm
DevOps Cloud Functions Zero Downtime Deployment Containerization Frontend Performance Pull Request Parallel Processing Replica Set Framework Kubernetes Work hard in silence, let your success be your noise. To be the best, you must be able to handle the worst. Code Review
NLP Cloud Cloud Functions Success is not in what you have, but who you are. The only way to do great work is to love what you do. Data Pipeline JWT Work hard in silence, let your success be your noise. Parallel Processing Great things never come from comfort zones. Sharding Frontend Optimization
API Gateway Load Testing Content Delivery Network I find that the harder I work, the more luck I seem to have. Containerization Kafka Success doesn’t just find you. You have to go out and get it. DNS Routing Zero Downtime Deployment Firewalls NLP
Success doesn’t just find you. You have to go out and get it. Kubernetes Version Control The only way to do great work is to love what you do. A/B Testing API Gateway Opportunities don't happen. You create them. Innovation distinguishes between a leader and a follower.
Blockchain Kafka Replica Set Microservices Scalability Distributed Systems React Zero Downtime Deployment A/B Testing NLP JavaScript
